// !$*UTF8*$!
{
	archiveVersion = 1;
	classes = {
	};
	objectVersion = 46;
	objects = {

/* Begin PBXBuildFile section */
		3D2B348318A115880065F7C2 /* Foundation.framework in Frameworks */ = {isa = PBXBuildFile; fileRef = 3D2B348218A115880065F7C2 /* Foundation.framework */; };
		3D2B348518A115880065F7C2 /* CoreGraphics.framework in Frameworks */ = {isa = PBXBuildFile; fileRef = 3D2B348418A115880065F7C2 /* CoreGraphics.framework */; };
		3D2B348718A115880065F7C2 /* UIKit.framework in Frameworks */ = {isa = PBXBuildFile; fileRef = 3D2B348618A115880065F7C2 /* UIKit.framework */; };
		3D2B348D18A115880065F7C2 /* InfoPlist.strings in Resources */ = {isa = PBXBuildFile; fileRef = 3D2B348B18A115880065F7C2 /* InfoPlist.strings */; };
		3D2B348F18A115880065F7C2 /* main.m in Sources */ = {isa = PBXBuildFile; fileRef = 3D2B348E18A115880065F7C2 /* main.m */; };
		3D2B349318A115880065F7C2 /* AppDelegate.m in Sources */ = {isa = PBXBuildFile; fileRef = 3D2B349218A115880065F7C2 /* AppDelegate.m */; };
		3D2B349618A115880065F7C2 /* Main.storyboard in Resources */ = {isa = PBXBuildFile; fileRef = 3D2B349418A115880065F7C2 /* Main.storyboard */; };
		3D2B349918A115880065F7C2 /* ViewController.m in Sources */ = {isa = PBXBuildFile; fileRef = 3D2B349818A115880065F7C2 /* ViewController.m */; };
		3D2B349B18A115880065F7C2 /* Images.xcassets in Resources */ = {isa = PBXBuildFile; fileRef = 3D2B349A18A115880065F7C2 /* Images.xcassets */; };
		3D2B34A218A115880065F7C2 /* XCTest.framework in Frameworks */ = {isa = PBXBuildFile; fileRef = 3D2B34A118A115880065F7C2 /* XCTest.framework */; };
		3D2B34A318A115880065F7C2 /* Foundation.framework in Frameworks */ = {isa = PBXBuildFile; fileRef = 3D2B348218A115880065F7C2 /* Foundation.framework */; };
		3D2B34A418A115880065F7C2 /* UIKit.framework in Frameworks */ = {isa = PBXBuildFile; fileRef = 3D2B348618A115880065F7C2 /* UIKit.framework */; };
		3D2B34AC18A115880065F7C2 /* InfoPlist.strings in Resources */ = {isa = PBXBuildFile; fileRef = 3D2B34AA18A115880065F7C2 /* InfoPlist.strings */; };
		3D2B34AE18A115880065F7C2 /* MIBluredViewTests.m in Sources */ = {isa = PBXBuildFile; fileRef = 3D2B34AD18A115880065F7C2 /* MIBluredViewTests.m */; };
		3D2B34BC18A115D80065F7C2 /* UIImage+ImageEffects.m in Sources */ = {isa = PBXBuildFile; fileRef = 3D2B34B918A115D80065F7C2 /* UIImage+ImageEffects.m */; };
		3D2B34BD18A115D80065F7C2 /* UIView+MIBluredView.m in Sources */ = {isa = PBXBuildFile; fileRef = 3D2B34BB18A115D80065F7C2 /* UIView+MIBluredView.m */; };
		3D2B34C118A115E00065F7C2 /* 1.png in Resources */ = {isa = PBXBuildFile; fileRef = 3D2B34BF18A115E00065F7C2 /* 1.png */; };
		3D2B34C218A115E00065F7C2 /* 2.png in Resources */ = {isa = PBXBuildFile; fileRef = 3D2B34C018A115E00065F7C2 /* 2.png */; };
/* End PBXBuildFile section */

/* Begin PBXContainerItemProxy section */
		3D2B34A518A115880065F7C2 /* PBXContainerItemProxy */ = {
			isa = PBXContainerItemProxy;
			containerPortal = 3D2B347718A115880065F7C2 /* Project object */;
			proxyType = 1;
			remoteGlobalIDString = 3D2B347E18A115880065F7C2;
			remoteInfo = MIBluredView;
		};
/* End PBXContainerItemProxy section */

/* Begin PBXFileReference section */
		3D2B347F18A115880065F7C2 /* MIBluredView.app */ = {isa = PBXFileReference; explicitFileType = wrapper.application; includeInIndex = 0; path = MIBluredView.app; sourceTree = BUILT_PRODUCTS_DIR; };
		3D2B348218A115880065F7C2 /* Foundation.framework */ = {isa = PBXFileReference; lastKnownFileType = wrapper.framework; name = Foundation.framework; path = System/Library/Frameworks/Foundation.framework; sourceTree = SDKROOT; };
		3D2B348418A115880065F7C2 /* CoreGraphics.framework */ = {isa = PBXFileReference; lastKnownFileType = wrapper.framework; name = CoreGraphics.framework; path = System/Library/Frameworks/CoreGraphics.framework; sourceTree = SDKROOT; };
		3D2B348618A115880065F7C2 /* UIKit.framework */ = {isa = PBXFileReference; lastKnownFileType = wrapper.framework; name = UIKit.framework; path = System/Library/Frameworks/UIKit.framework; sourceTree = SDKROOT; };
		3D2B348A18A115880065F7C2 /* MIBluredView-Info.plist */ = {isa = PBXFileReference; lastKnownFileType = text.plist.xml; path = "MIBluredView-Info.plist"; sourceTree = "<group>"; };
		3D2B348C18A115880065F7C2 /* en */ = {isa = PBXFileReference; lastKnownFileType = text.plist.strings; name = en; path = en.lproj/InfoPlist.strings; sourceTree = "<group>"; };
		3D2B348E18A115880065F7C2 /* main.m */ = {isa = PBXFileReference; lastKnownFileType = sourcecode.c.objc; path = main.m; sourceTree = "<group>"; };
		3D2B349018A115880065F7C2 /* MIBluredView-Prefix.pch */ = {isa = PBXFileReference; lastKnownFileType = sourcecode.c.h; path = "MIBluredView-Prefix.pch"; sourceTree = "<group>"; };
		3D2B349118A115880065F7C2 /* AppDelegate.h */ = {isa = PBXFileReference; lastKnownFileType = sourcecode.c.h; path = AppDelegate.h; sourceTree = "<group>"; };
		3D2B349218A115880065F7C2 /* AppDelegate.m */ = {isa = PBXFileReference; lastKnownFileType = sourcecode.c.objc; path = AppDelegate.m; sourceTree = "<group>"; };
		3D2B349518A115880065F7C2 /* Base */ = {isa = PBXFileReference; lastKnownFileType = file.storyboard; name = Base; path = Base.lproj/Main.storyboard; sourceTree = "<group>"; };
		3D2B349718A115880065F7C2 /* ViewController.h */ = {isa = PBXFileReference; lastKnownFileType = sourcecode.c.h; path = ViewController.h; sourceTree = "<group>"; };
		3D2B349818A115880065F7C2 /* ViewController.m */ = {isa = PBXFileReference; lastKnownFileType = sourcecode.c.objc; path = ViewController.m; sourceTree = "<group>"; };
		3D2B349A18A115880065F7C2 /* Images.xcassets */ = {isa = PBXFileReference; lastKnownFileType = folder.assetcatalog; path = Images.xcassets; sourceTree = "<group>"; };
		3D2B34A018A115880065F7C2 /* MIBluredViewTests.xctest */ = {isa = PBXFileReference; explicitFileType = wrapper.cfbundle; includeInIndex = 0; path = MIBluredViewTests.xctest; sourceTree = BUILT_PRODUCTS_DIR; };
		3D2B34A118A115880065F7C2 /* XCTest.framework */ = {isa = PBXFileReference; lastKnownFileType = wrapper.framework; name = XCTest.framework; path = Library/Frameworks/XCTest.framework; sourceTree = DEVELOPER_DIR; };
		3D2B34A918A115880065F7C2 /* MIBluredViewTests-Info.plist */ = {isa = PBXFileReference; lastKnownFileType = text.plist.xml; path = "MIBluredViewTests-Info.plist"; sourceTree = "<group>"; };
		3D2B34AB18A115880065F7C2 /* en */ = {isa = PBXFileReference; lastKnownFileType = text.plist.strings; name = en; path = en.lproj/InfoPlist.strings; sourceTree = "<group>"; };
		3D2B34AD18A115880065F7C2 /* MIBluredViewTests.m */ = {isa = PBXFileReference; lastKnownFileType = sourcecode.c.objc; path = MIBluredViewTests.m; sourceTree = "<group>"; };
		3D2B34B818A115D80065F7C2 /* UIImage+ImageEffects.h */ = {isa = PBXFileReference; fileEncoding = 4; lastKnownFileType = sourcecode.c.h; path = "UIImage+ImageEffects.h"; sourceTree = "<group>"; };
		3D2B34B918A115D80065F7C2 /* UIImage+ImageEffects.m */ = {isa = PBXFileReference; fileEncoding = 4; lastKnownFileType = sourcecode.c.objc; path = "UIImage+ImageEffects.m"; sourceTree = "<group>"; };
		3D2B34BA18A115D80065F7C2 /* UIView+MIBluredView.h */ = {isa = PBXFileReference; fileEncoding = 4; lastKnownFileType = sourcecode.c.h; path = "UIView+MIBluredView.h"; sourceTree = "<group>"; };
		3D2B34BB18A115D80065F7C2 /* UIView+MIBluredView.m */ = {isa = PBXFileReference; fileEncoding = 4; lastKnownFileType = sourcecode.c.objc; path = "UIView+MIBluredView.m"; sourceTree = "<group>"; };
		3D2B34BF18A115E00065F7C2 /* 1.png */ = {isa = PBXFileReference; lastKnownFileType = image.png; path = 1.png; sourceTree = "<group>"; };
		3D2B34C018A115E00065F7C2 /* 2.png */ = {isa = PBXFileReference; lastKnownFileType = image.png; path = 2.png; sourceTree = "<group>"; };
/* End PBXFileReference section */

/* Begin PBXFrameworksBuildPhase section */
		3D2B347C18A115880065F7C2 /* Frameworks */ = {
			isa = PBXFrameworksBuildPhase;
			buildActionMask = 2147483647;
			files = (
				3D2B348518A115880065F7C2 /* CoreGraphics.framework in Frameworks */,
				3D2B348718A115880065F7C2 /* UIKit.framework in Frameworks */,
				3D2B348318A115880065F7C2 /* Foundation.framework in Frameworks */,
			);
			runOnlyForDeploymentPostprocessing = 0;
		};
		3D2B349D18A115880065F7C2 /* Frameworks */ = {
			isa = PBXFrameworksBuildPhase;
			buildActionMask = 2147483647;
			files = (
				3D2B34A218A115880065F7C2 /* XCTest.framework in Frameworks */,
				3D2B34A418A115880065F7C2 /* UIKit.framework in Frameworks */,
				3D2B34A318A115880065F7C2 /* Foundation.framework in Frameworks */,
			);
			runOnlyForDeploymentPostprocessing = 0;
		};
/* End PBXFrameworksBuildPhase section */

/* Begin PBXGroup section */
		3D2B347618A115880065F7C2 = {
			isa = PBXGroup;
			children = (
				3D2B34BE18A115E00065F7C2 /* Screenshots */,
				3D2B34B718A115D80065F7C2 /* Classes */,
				3D2B348818A115880065F7C2 /* MIBluredView */,
				3D2B34A718A115880065F7C2 /* MIBluredViewTests */,
				3D2B348118A115880065F7C2 /* Frameworks */,
				3D2B348018A115880065F7C2 /* Products */,
			);
			sourceTree = "<group>";
		};
		3D2B348018A115880065F7C2 /* Products */ = {
			isa = PBXGroup;
			children = (
				3D2B347F18A115880065F7C2 /* MIBluredView.app */,
				3D2B34A018A115880065F7C2 /* MIBluredViewTests.xctest */,
			);
			name = Products;
			sourceTree = "<group>";
		};
		3D2B348118A115880065F7C2 /* Frameworks */ = {
			isa = PBXGroup;
			children = (
				3D2B348218A115880065F7C2 /* Foundation.framework */,
				3D2B348418A115880065F7C2 /* CoreGraphics.framework */,
				3D2B348618A115880065F7C2 /* UIKit.framework */,
				3D2B34A118A115880065F7C2 /* XCTest.framework */,
			);
			name = Frameworks;
			sourceTree = "<group>";
		};
		3D2B348818A115880065F7C2 /* MIBluredView */ = {
			isa = PBXGroup;
			children = (
				3D2B349118A115880065F7C2 /* AppDelegate.h */,
				3D2B349218A115880065F7C2 /* AppDelegate.m */,
				3D2B349418A115880065F7C2 /* Main.storyboard */,
				3D2B349718A115880065F7C2 /* ViewController.h */,
				3D2B349818A115880065F7C2 /* ViewController.m */,
				3D2B349A18A115880065F7C2 /* Images.xcassets */,
				3D2B348918A115880065F7C2 /* Supporting Files */,
			);
			path = MIBluredView;
			sourceTree = "<group>";
		};
		3D2B348918A115880065F7C2 /* Supporting Files */ = {
			isa = PBXGroup;
			children = (
				3D2B348A18A115880065F7C2 /* MIBluredView-Info.plist */,
				3D2B348B18A115880065F7C2 /* InfoPlist.strings */,
				3D2B348E18A115880065F7C2 /* main.m */,
				3D2B349018A115880065F7C2 /* MIBluredView-Prefix.pch */,
			);
			name = "Supporting Files";
			sourceTree = "<group>";
		};
		3D2B34A718A115880065F7C2 /* MIBluredViewTests */ = {
			isa = PBXGroup;
			children = (
				3D2B34AD18A115880065F7C2 /* MIBluredViewTests.m */,
				3D2B34A818A115880065F7C2 /* Supporting Files */,
			);
			path = MIBluredViewTests;
			sourceTree = "<group>";
		};
		3D2B34A818A115880065F7C2 /* Supporting Files */ = {
			isa = PBXGroup;
			children = (
				3D2B34A918A115880065F7C2 /* MIBluredViewTests-Info.plist */,
				3D2B34AA18A115880065F7C2 /* InfoPlist.strings */,
			);
			name = "Supporting Files";
			sourceTree = "<group>";
		};
		3D2B34B718A115D80065F7C2 /* Classes */ = {
			isa = PBXGroup;
			children = (
				3D2B34B818A115D80065F7C2 /* UIImage+ImageEffects.h */,
				3D2B34B918A115D80065F7C2 /* UIImage+ImageEffects.m */,
				3D2B34BA18A115D80065F7C2 /* UIView+MIBluredView.h */,
				3D2B34BB18A115D80065F7C2 /* UIView+MIBluredView.m */,
			);
			path = Classes;
			sourceTree = "<group>";
		};
		3D2B34BE18A115E00065F7C2 /* Screenshots */ = {
			isa = PBXGroup;
			children = (
				3D2B34BF18A115E00065F7C2 /* 1.png */,
				3D2B34C018A115E00065F7C2 /* 2.png */,
			);
			path = Screenshots;
			sourceTree = "<group>";
		};
/* End PBXGroup section */

/* Begin PBXNativeTarget section */
		3D2B347E18A115880065F7C2 /* MIBluredView */ = {
			isa = PBXNativeTarget;
			buildConfigurationList = 3D2B34B118A115880065F7C2 /* Build configuration list for PBXNativeTarget "MIBluredView" */;
			buildPhases = (
				3D2B347B18A115880065F7C2 /* Sources */,
				3D2B347C18A115880065F7C2 /* Frameworks */,
				3D2B347D18A115880065F7C2 /* Resources */,
			);
			buildRules = (
			);
			dependencies = (
			);
			name = MIBluredView;
			productName = MIBluredView;
			productReference = 3D2B347F18A115880065F7C2 /* MIBluredView.app */;
			productType = "com.apple.product-type.application";
		};
		3D2B349F18A115880065F7C2 /* MIBluredViewTests */ = {
			isa = PBXNativeTarget;
			buildConfigurationList = 3D2B34B418A115880065F7C2 /* Build configuration list for PBXNativeTarget "MIBluredViewTests" */;
			buildPhases = (
				3D2B349C18A115880065F7C2 /* Sources */,
				3D2B349D18A115880065F7C2 /* Frameworks */,
				3D2B349E18A115880065F7C2 /* Resources */,
			);
			buildRules = (
			);
			dependencies = (
				3D2B34A618A115880065F7C2 /* PBXTargetDependency */,
			);
			name = MIBluredViewTests;
			productName = MIBluredViewTests;
			productReference = 3D2B34A018A115880065F7C2 /* MIBluredViewTests.xctest */;
			productType = "com.apple.product-type.bundle.unit-test";
		};
/* End PBXNativeTarget section */

/* Begin PBXProject section */
		3D2B347718A115880065F7C2 /* Project object */ = {
			isa = PBXProject;
			attributes = {
				LastUpgradeCheck = 0500;
				ORGANIZATIONNAME = "Mustafa Ibrahim";
				TargetAttributes = {
					3D2B349F18A115880065F7C2 = {
						TestTargetID = 3D2B347E18A115880065F7C2;
					};
				};
			};
			buildConfigurationList = 3D2B347A18A115880065F7C2 /* Build configuration list for PBXProject "MIBluredView" */;
			compatibilityVersion = "Xcode 3.2";
			developmentRegion = English;
			hasScannedForEncodings = 0;
			knownRegions = (
				en,
				Base,
			);
			mainGroup = 3D2B347618A115880065F7C2;
			productRefGroup = 3D2B348018A115880065F7C2 /* Products */;
			projectDirPath = "";
			projectRoot = "";
			targets = (
				3D2B347E18A115880065F7C2 /* MIBluredView */,
				3D2B349F18A115880065F7C2 /* MIBluredViewTests */,
			);
		};
/* End PBXProject section */

/* Begin PBXResourcesBuildPhase section */
		3D2B347D18A115880065F7C2 /* Resources */ = {
			isa = PBXResourcesBuildPhase;
			buildActionMask = 2147483647;
			files = (
				3D2B349B18A115880065F7C2 /* Images.xcassets in Resources */,
				3D2B34C118A115E00065F7C2 /* 1.png in Resources */,
				3D2B34C218A115E00065F7C2 /* 2.png in Resources */,
				3D2B348D18A115880065F7C2 /* InfoPlist.strings in Resources */,
				3D2B349618A115880065F7C2 /* Main.storyboard in Resources */,
			);
			runOnlyForDeploymentPostprocessing = 0;
		};
		3D2B349E18A115880065F7C2 /* Resources */ = {
			isa = PBXResourcesBuildPhase;
			buildActionMask = 2147483647;
			files = (
				3D2B34AC18A115880065F7C2 /* InfoPlist.strings in Resources */,
			);
			runOnlyForDeploymentPostprocessing = 0;
		};
/* End PBXResourcesBuildPhase section */

/* Begin PBXSourcesBuildPhase section */
		3D2B347B18A115880065F7C2 /* Sources */ = {
			isa = PBXSourcesBuildPhase;
			buildActionMask = 2147483647;
			files = (
				3D2B34BC18A115D80065F7C2 /* UIImage+ImageEffects.m in Sources */,
				3D2B349918A115880065F7C2 /* ViewController.m in Sources */,
				3D2B34BD18A115D80065F7C2 /* UIView+MIBluredView.m in Sources */,
				3D2B349318A115880065F7C2 /* AppDelegate.m in Sources */,
				3D2B348F18A115880065F7C2 /* main.m in Sources */,
			);
			runOnlyForDeploymentPostprocessing = 0;
		};
		3D2B349C18A115880065F7C2 /* Sources */ = {
			isa = PBXSourcesBuildPhase;
			buildActionMask = 2147483647;
			files = (
				3D2B34AE18A115880065F7C2 /* MIBluredViewTests.m in Sources */,
			);
			runOnlyForDeploymentPostprocessing = 0;
		};
/* End PBXSourcesBuildPhase section */

/* Begin PBXTargetDependency section */
		3D2B34A618A115880065F7C2 /* PBXTargetDependency */ = {
			isa = PBXTargetDependency;
			target = 3D2B347E18A115880065F7C2 /* MIBluredView */;
			targetProxy = 3D2B34A518A115880065F7C2 /* PBXContainerItemProxy */;
		};
/* End PBXTargetDependency section */

/* Begin PBXVariantGroup section */
		3D2B348B18A115880065F7C2 /* InfoPlist.strings */ = {
			isa = PBXVariantGroup;
			children = (
				3D2B348C18A115880065F7C2 /* en */,
			);
			name = InfoPlist.strings;
			sourceTree = "<group>";
		};
		3D2B349418A115880065F7C2 /* Main.storyboard */ = {
			isa = PBXVariantGroup;
			children = (
				3D2B349518A115880065F7C2 /* Base */,
			);
			name = Main.storyboard;
			sourceTree = "<group>";
		};
		3D2B34AA18A115880065F7C2 /* InfoPlist.strings */ = {
			isa = PBXVariantGroup;
			children = (
				3D2B34AB18A115880065F7C2 /* en */,
			);
			name = InfoPlist.strings;
			sourceTree = "<group>";
		};
/* End PBXVariantGroup section */

/* Begin XCBuildConfiguration section */
		3D2B34AF18A115880065F7C2 /* Debug */ = {
			isa = XCBuildConfiguration;
			buildSettings = {
				ALWAYS_SEARCH_USER_PATHS = NO;
				ARCHS = "$(ARCHS_STANDARD_INCLUDING_64_BIT)";
				CLANG_CXX_LANGUAGE_STANDARD = "gnu++0x";
				CLANG_CXX_LIBRARY = "libc++";
				CLANG_ENABLE_MODULES = YES;
				CLANG_ENABLE_OBJC_ARC = YES;
				CLANG_WARN_BOOL_CONVERSION = YES;
				CLANG_WARN_CONSTANT_CONVERSION = YES;
				CLANG_WARN_DIRECT_OBJC_ISA_USAGE = YES_ERROR;
				CLANG_WARN_EMPTY_BODY = YES;
				CLANG_WARN_ENUM_CONVERSION = YES;
				CLANG_WARN_INT_CONVERSION = YES;
				CLANG_WARN_OBJC_ROOT_CLASS = YES_ERROR;
				CLANG_WARN__DUPLICATE_METHOD_MATCH = YES;
				"CODE_SIGN_IDENTITY[sdk=iphoneos*]" = "iPhone Developer";
				COPY_PHASE_STRIP = NO;
				GCC_C_LANGUAGE_STANDARD = gnu99;
				GCC_DYNAMIC_NO_PIC = NO;
				GCC_OPTIMIZATION_LEVEL = 0;
				GCC_PREPROCESSOR_DEFINITIONS = (
					"DEBUG=1",
					"$(inherited)",
				);
				GCC_SYMBOLS_PRIVATE_EXTERN = NO;
				GCC_WARN_64_TO_32_BIT_CONVERSION = YES;
				GCC_WARN_ABOUT_RETURN_TYPE = YES_ERROR;
				GCC_WARN_UNDECLARED_SELECTOR = YES;
				GCC_WARN_UNINITIALIZED_AUTOS = YES;
				GCC_WARN_UNUSED_FUNCTION = YES;
				GCC_WARN_UNUSED_VARIABLE = YES;
				IPHONEOS_DEPLOYMENT_TARGET = 7.0;
				ONLY_ACTIVE_ARCH = YES;
				SDKROOT = iphoneos;
			};
			name = Debug;
		};
		3D2B34B018A115880065F7C2 /* Release */ = {
			isa = XCBuildConfiguration;
			buildSettings = {
				ALWAYS_SEARCH_USER_PATHS = NO;
				ARCHS = "$(ARCHS_STANDARD_INCLUDING_64_BIT)";
				CLANG_CXX_LANGUAGE_STANDARD = "gnu++0x";
				CLANG_CXX_LIBRARY = "libc++";
				CLANG_ENABLE_MODULES = YES;
				CLANG_ENABLE_OBJC_ARC = YES;
				CLANG_WARN_BOOL_CONVERSION = YES;
				CLANG_WARN_CONSTANT_CONVERSION = YES;
				CLANG_WARN_DIRECT_OBJC_ISA_USAGE = YES_ERROR;
				CLANG_WARN_EMPTY_BODY = YES;
				CLANG_WARN_ENUM_CONVERSION = YES;
				CLANG_WARN_INT_CONVERSION = YES;
				CLANG_WARN_OBJC_ROOT_CLASS = YES_ERROR;
				CLANG_WARN__DUPLICATE_METHOD_MATCH = YES;
				"CODE_SIGN_IDENTITY[sdk=iphoneos*]" = "iPhone Developer";
				COPY_PHASE_STRIP = YES;
				ENABLE_NS_ASSERTIONS = NO;
				GCC_C_LANGUAGE_STANDARD = gnu99;
				GCC_WARN_64_TO_32_BIT_CONVERSION = YES;
				GCC_WARN_ABOUT_RETURN_TYPE = YES_ERROR;
				GCC_WARN_UNDECLARED_SELECTOR = YES;
				GCC_WARN_UNINITIALIZED_AUTOS = YES;
				GCC_WARN_UNUSED_FUNCTION = YES;
				GCC_WARN_UNUSED_VARIABLE = YES;
				IPHONEOS_DEPLOYMENT_TARGET = 7.0;
				SDKROOT = iphoneos;
				VALIDATE_PRODUCT = YES;
			};
			name = Release;
		};
		3D2B34B218A115880065F7C2 /* Debug */ = {
			isa = XCBuildConfiguration;
			buildSettings = {
				ASSETCATALOG_COMPILER_APPICON_NAME = AppIcon;
				ASSETCATALOG_COMPILER_LAUNCHIMAGE_NAME = LaunchImage;
				GCC_PRECOMPILE_PREFIX_HEADER = YES;
				GCC_PREFIX_HEADER = "MIBluredView/MIBluredView-Prefix.pch";
				INFOPLIST_FILE = "MIBluredView/MIBluredView-Info.plist";
				PRODUCT_NAME = "$(TARGET_NAME)";
				WRAPPER_EXTENSION = app;
			};
			name = Debug;
		};
		3D2B34B318A115880065F7C2 /* Release */ = {
			isa = XCBuildConfiguration;
			buildSettings = {
				ASSETCATALOG_COMPILER_APPICON_NAME = AppIcon;
				ASSETCATALOG_COMPILER_LAUNCHIMAGE_NAME = LaunchImage;
				GCC_PRECOMPILE_PREFIX_HEADER = YES;
				GCC_PREFIX_HEADER = "MIBluredView/MIBluredView-Prefix.pch";
				INFOPLIST_FILE = "MIBluredView/MIBluredView-Info.plist";
				PRODUCT_NAME = "$(TARGET_NAME)";
				WRAPPER_EXTENSION = app;
			};
			name = Release;
		};
		3D2B34B518A115880065F7C2 /* Debug */ = {
			isa = XCBuildConfiguration;
			buildSettings = {
				ARCHS = "$(ARCHS_STANDARD_INCLUDING_64_BIT)";
				BUNDLE_LOADER = "$(BUILT_PRODUCTS_DIR)/MIBluredView.app/MIBluredView";
				FRAMEWORK_SEARCH_PATHS = (
					"$(SDKROOT)/Developer/Library/Frameworks",
					"$(inherited)",
					"$(DEVELOPER_FRAMEWORKS_DIR)",
				);
				GCC_PRECOMPILE_PREFIX_HEADER = YES;
				GCC_PREFIX_HEADER = "MIBluredView/MIBluredView-Prefix.pch";
				GCC_PREPROCESSOR_DEFINITIONS = (
					"DEBUG=1",
					"$(inherited)",
				);
				INFOPLIST_FILE = "MIBluredViewTests/MIBluredViewTests-Info.plist";
				PRODUCT_NAME = "$(TARGET_NAME)";
				TEST_HOST = "$(BUNDLE_LOADER)";
				WRAPPER_EXTENSION = xctest;
			};
			name = Debug;
		};
		3D2B34B618A115880065F7C2 /* Release */ = {
			isa = XCBuildConfiguration;
			buildSettings = {
				ARCHS = "$(ARCHS_STANDARD_INCLUDING_64_BIT)";
				BUNDLE_LOADER = "$(BUILT_PRODUCTS_DIR)/MIBluredView.app/MIBluredView";
				FRAMEWORK_SEARCH_PATHS = (
					"$(SDKROOT)/Developer/Library/Frameworks",
					"$(inherited)",
					"$(DEVELOPER_FRAMEWORKS_DIR)",
				);
				GCC_PRECOMPILE_PREFIX_HEADER = YES;
				GCC_PREFIX_HEADER = "MIBluredView/MIBluredView-Prefix.pch";
				INFOPLIST_FILE = "MIBluredViewTests/MIBluredViewTests-Info.plist";
				PRODUCT_NAME = "$(TARGET_NAME)";
				TEST_HOST = "$(BUNDLE_LOADER)";
				WRAPPER_EXTENSION = xctest;
			};
			name = Release;
		};
/* End XCBuildConfiguration section */

/* Begin XCConfigurationList section */
		3D2B347A18A115880065F7C2 /* Build configuration list for PBXProject "MIBluredView" */ = {
			isa = XCConfigurationList;
			buildConfigurations = (
				3D2B34AF18A115880065F7C2 /* Debug */,
				3D2B34B018A115880065F7C2 /* Release */,
			);
			defaultConfigurationIsVisible = 0;
			defaultConfigurationName = Release;
		};
		3D2B34B118A115880065F7C2 /* Build configuration list for PBXNativeTarget "MIBluredView" */ = {
			isa = XCConfigurationList;
			buildConfigurations = (
				3D2B34B218A115880065F7C2 /* Debug */,
				3D2B34B318A115880065F7C2 /* Release */,
			);
			defaultConfigurationIsVisible = 0;
		};
		3D2B34B418A115880065F7C2 /* Build configuration list for PBXNativeTarget "MIBluredViewTests" */ = {
			isa = XCConfigurationList;
			buildConfigurations = (
				3D2B34B518A115880065F7C2 /* Debug */,
				3D2B34B618A115880065F7C2 /* Release */,
			);
			defaultConfigurationIsVisible = 0;
		};
/* End XCConfigurationList section */
	};
	rootObject = 3D2B347718A115880065F7C2 /* Project object */;
}
